
Microsoft Visual Studio Solution File, Format Version 11.00
# Visual Studio 2010
Project("{2150E333-8FDC-42A3-9474-1A3956D46DE8}") = "WebClient", "WebClient", "{AEECE78A-3776-4C92-84F4-E7C5F244D444}"
EndProject
Project("{2150E333-8FDC-42A3-9474-1A3956D46DE8}") = "Business", "Business", "{A0BF0322-1976-4B6C-B73D-1EDF2B4D0C8F}"
EndProject
Project("{2150E333-8FDC-42A3-9474-1A3956D46DE8}") = "BuildService", "BuildService", "{3893B7A3-9585-4E7A-97A5-C8B80D8FF2F8}"
EndProject
Project("{2150E333-8FDC-42A3-9474-1A3956D46DE8}") = "Data", "Data", "{4CCB024C-3551-40E0-8145-D550977C9272}"
EndProject
Project("{FAE04EC0-301F-11D3-BF4B-00C04F79EFBC}") = "MoCS.WebClient", "MoCS.WebClient\MoCS.WebClient.csproj", "{27674D5E-1BDA-400C-B712-CB97CEADD208}"
EndProject
Project("{FAE04EC0-301F-11D3-BF4B-00C04F79EFBC}") = "MoCS.WebClient.Tests", "MoCS.WebClient.Tests\MoCS.WebClient.Tests.csproj", "{D77655C1-7971-422E-831E-CCCBFD630D0A}"
EndProject
Project("{FAE04EC0-301F-11D3-BF4B-00C04F79EFBC}") = "MoCS.BuildService", "MoCS.BuildService\MoCS.BuildService.csproj", "{EA6A422A-3B3C-49F9-9C02-E466196174CB}"
EndProject
Project("{FAE04EC0-301F-11D3-BF4B-00C04F79EFBC}") = "MoCS.BuildService.Business", "MoCS.BuildService.Business\MoCS.BuildService.Business.csproj", "{4A83BFF9-B76B-470B-857B-32E9419978FA}"
EndProject
Project("{FAE04EC0-301F-11D3-BF4B-00C04F79EFBC}") = "MoCS.Data", "MoCS.Data\MoCS.Data.csproj", "{C5045672-AECE-401C-8230-64111981CC1B}"
EndProject
Project("{FAE04EC0-301F-11D3-BF4B-00C04F79EFBC}") = "MoCS.Business.Facade", "MoCS.Business.Facade\MoCS.Business.Facade.csproj", "{74D77335-BEDE-4134-8EDE-83D3DBB48B74}"
EndProject
Project("{FAE04EC0-301F-11D3-BF4B-00C04F79EFBC}") = "MoCS.Business.Objects", "MoCS.Business.Objects\MoCS.Business.Objects.csproj", "{14CF4DE6-3E9A-40A5-947D-E8FBA1CD5DF3}"
EndProject
Project("{54435603-DBB4-11D2-8724-00A0C9A8B90C}") = "MoCS.BuildService.Setup", "MoCS.BuildService.Setup\MoCS.BuildService.Setup.vdproj", "{054C66A6-144E-40D6-B4DC-201F06DD1399}"
EndProject
Project("{FAE04EC0-301F-11D3-BF4B-00C04F79EFBC}") = "MoCS.BuildService.Tests", "BuildService.Tests\MoCS.BuildService.Tests.csproj", "{96847D23-6828-4E36-AE16-82792FAA7697}"
EndProject
Project("{2150E333-8FDC-42A3-9474-1A3956D46DE8}") = "Solution Items", "Solution Items", "{F2319141-23B9-472B-B35C-1B7C717191F7}"
	ProjectSection(SolutionItems) = preProject
		Local.testsettings = Local.testsettings
		MoCS.vsmdi = MoCS.vsmdi
		TraceAndTestImpact.testsettings = TraceAndTestImpact.testsettings
	EndProjectSection
EndProject
Project("{FAE04EC0-301F-11D3-BF4B-00C04F79EFBC}") = "MoCS.Business.Objects.Tests", "MoCS.Business.Objects.Tests\MoCS.Business.Objects.Tests.csproj", "{31E8DB78-DD60-43CB-9450-1A82E44CDB4D}"
EndProject
Project("{FAE04EC0-301F-11D3-BF4B-00C04F79EFBC}") = "TestClient", "TestClient\TestClient.csproj", "{F259A8DF-B2B8-472F-96C2-1034A8FAE9F1}"
EndProject
Project("{54435603-DBB4-11D2-8724-00A0C9A8B90C}") = "MoCS.WebClient.Setup", "MoCS.WebClient.Setup\MoCS.WebClient.Setup.vdproj", "{D2C742B8-5A95-4685-A020-A523E79E90EB}"
EndProject
Global
	GlobalSection(TestCaseManagementSettings) = postSolution
		CategoryFile = MoCS.vsmdi
	EndGlobalSection
	GlobalSection(SolutionConfigurationPlatforms) = preSolution
		Debug BuildService|Any CPU = Debug BuildService|Any CPU
		Debug BuildService|Mixed Platforms = Debug BuildService|Mixed Platforms
		Debug BuildService|x86 = Debug BuildService|x86
		Debug|Any CPU = Debug|Any CPU
		Debug|Mixed Platforms = Debug|Mixed Platforms
		Debug|x86 = Debug|x86
		Release|Any CPU = Release|Any CPU
		Release|Mixed Platforms = Release|Mixed Platforms
		Release|x86 = Release|x86
	EndGlobalSection
	GlobalSection(ProjectConfigurationPlatforms) = postSolution
		{27674D5E-1BDA-400C-B712-CB97CEADD208}.Debug BuildService|Any CPU.ActiveCfg = Debug BuildService|Any CPU
		{27674D5E-1BDA-400C-B712-CB97CEADD208}.Debug BuildService|Mixed Platforms.ActiveCfg = Debug BuildService|Any CPU
		{27674D5E-1BDA-400C-B712-CB97CEADD208}.Debug BuildService|Mixed Platforms.Build.0 = Debug BuildService|Any CPU
		{27674D5E-1BDA-400C-B712-CB97CEADD208}.Debug BuildService|x86.ActiveCfg = Debug BuildService|Any CPU
		{27674D5E-1BDA-400C-B712-CB97CEADD208}.Debug|Any CPU.ActiveCfg = Debug|Any CPU
		{27674D5E-1BDA-400C-B712-CB97CEADD208}.Debug|Any CPU.Build.0 = Debug|Any CPU
		{27674D5E-1BDA-400C-B712-CB97CEADD208}.Debug|Mixed Platforms.ActiveCfg = Debug|Any CPU
		{27674D5E-1BDA-400C-B712-CB97CEADD208}.Debug|Mixed Platforms.Build.0 = Debug|Any CPU
		{27674D5E-1BDA-400C-B712-CB97CEADD208}.Debug|x86.ActiveCfg = Debug|Any CPU
		{27674D5E-1BDA-400C-B712-CB97CEADD208}.Release|Any CPU.ActiveCfg = Release|Any CPU
		{27674D5E-1BDA-400C-B712-CB97CEADD208}.Release|Any CPU.Build.0 = Release|Any CPU
		{27674D5E-1BDA-400C-B712-CB97CEADD208}.Release|Mixed Platforms.ActiveCfg = Release|Any CPU
		{27674D5E-1BDA-400C-B712-CB97CEADD208}.Release|Mixed Platforms.Build.0 = Release|Any CPU
		{27674D5E-1BDA-400C-B712-CB97CEADD208}.Release|x86.ActiveCfg = Release|Any CPU
		{D77655C1-7971-422E-831E-CCCBFD630D0A}.Debug BuildService|Any CPU.ActiveCfg = Debug BuildService|Any CPU
		{D77655C1-7971-422E-831E-CCCBFD630D0A}.Debug BuildService|Mixed Platforms.ActiveCfg = Debug BuildService|Any CPU
		{D77655C1-7971-422E-831E-CCCBFD630D0A}.Debug BuildService|Mixed Platforms.Build.0 = Debug BuildService|Any CPU
		{D77655C1-7971-422E-831E-CCCBFD630D0A}.Debug BuildService|x86.ActiveCfg = Debug BuildService|Any CPU
		{D77655C1-7971-422E-831E-CCCBFD630D0A}.Debug|Any CPU.ActiveCfg = Debug|Any CPU
		{D77655C1-7971-422E-831E-CCCBFD630D0A}.Debug|Any CPU.Build.0 = Debug|Any CPU
		{D77655C1-7971-422E-831E-CCCBFD630D0A}.Debug|Mixed Platforms.ActiveCfg = Debug|Any CPU
		{D77655C1-7971-422E-831E-CCCBFD630D0A}.Debug|Mixed Platforms.Build.0 = Debug|Any CPU
		{D77655C1-7971-422E-831E-CCCBFD630D0A}.Debug|x86.ActiveCfg = Debug|Any CPU
		{D77655C1-7971-422E-831E-CCCBFD630D0A}.Release|Any CPU.ActiveCfg = Release|Any CPU
		{D77655C1-7971-422E-831E-CCCBFD630D0A}.Release|Any CPU.Build.0 = Release|Any CPU
		{D77655C1-7971-422E-831E-CCCBFD630D0A}.Release|Mixed Platforms.ActiveCfg = Release|Any CPU
		{D77655C1-7971-422E-831E-CCCBFD630D0A}.Release|Mixed Platforms.Build.0 = Release|Any CPU
		{D77655C1-7971-422E-831E-CCCBFD630D0A}.Release|x86.ActiveCfg = Release|Any CPU
		{EA6A422A-3B3C-49F9-9C02-E466196174CB}.Debug BuildService|Any CPU.ActiveCfg = Debug BuildService|Any CPU
		{EA6A422A-3B3C-49F9-9C02-E466196174CB}.Debug BuildService|Any CPU.Build.0 = Debug BuildService|Any CPU
		{EA6A422A-3B3C-49F9-9C02-E466196174CB}.Debug BuildService|Mixed Platforms.ActiveCfg = Debug BuildService|Any CPU
		{EA6A422A-3B3C-49F9-9C02-E466196174CB}.Debug BuildService|Mixed Platforms.Build.0 = Debug BuildService|Any CPU
		{EA6A422A-3B3C-49F9-9C02-E466196174CB}.Debug BuildService|x86.ActiveCfg = Debug BuildService|Any CPU
		{EA6A422A-3B3C-49F9-9C02-E466196174CB}.Debug|Any CPU.ActiveCfg = Debug|Any CPU
		{EA6A422A-3B3C-49F9-9C02-E466196174CB}.Debug|Mixed Platforms.ActiveCfg = Debug|Any CPU
		{EA6A422A-3B3C-49F9-9C02-E466196174CB}.Debug|Mixed Platforms.Build.0 = Debug|Any CPU
		{EA6A422A-3B3C-49F9-9C02-E466196174CB}.Debug|x86.ActiveCfg = Debug|Any CPU
		{EA6A422A-3B3C-49F9-9C02-E466196174CB}.Release|Any CPU.ActiveCfg = Release|Any CPU
		{EA6A422A-3B3C-49F9-9C02-E466196174CB}.Release|Any CPU.Build.0 = Release|Any CPU
		{EA6A422A-3B3C-49F9-9C02-E466196174CB}.Release|Mixed Platforms.ActiveCfg = Release|Any CPU
		{EA6A422A-3B3C-49F9-9C02-E466196174CB}.Release|Mixed Platforms.Build.0 = Release|Any CPU
		{EA6A422A-3B3C-49F9-9C02-E466196174CB}.Release|x86.ActiveCfg = Release|Any CPU
		{4A83BFF9-B76B-470B-857B-32E9419978FA}.Debug BuildService|Any CPU.ActiveCfg = Debug BuildService|Any CPU
		{4A83BFF9-B76B-470B-857B-32E9419978FA}.Debug BuildService|Any CPU.Build.0 = Debug BuildService|Any CPU
		{4A83BFF9-B76B-470B-857B-32E9419978FA}.Debug BuildService|Mixed Platforms.ActiveCfg = Debug BuildService|Any CPU
		{4A83BFF9-B76B-470B-857B-32E9419978FA}.Debug BuildService|Mixed Platforms.Build.0 = Debug BuildService|Any CPU
		{4A83BFF9-B76B-470B-857B-32E9419978FA}.Debug BuildService|x86.ActiveCfg = Debug BuildService|Any CPU
		{4A83BFF9-B76B-470B-857B-32E9419978FA}.Debug|Any CPU.ActiveCfg = Debug|Any CPU
		{4A83BFF9-B76B-470B-857B-32E9419978FA}.Debug|Mixed Platforms.ActiveCfg = Debug|Any CPU
		{4A83BFF9-B76B-470B-857B-32E9419978FA}.Debug|Mixed Platforms.Build.0 = Debug|Any CPU
		{4A83BFF9-B76B-470B-857B-32E9419978FA}.Debug|x86.ActiveCfg = Debug|Any CPU
		{4A83BFF9-B76B-470B-857B-32E9419978FA}.Release|Any CPU.ActiveCfg = Release|Any CPU
		{4A83BFF9-B76B-470B-857B-32E9419978FA}.Release|Any CPU.Build.0 = Release|Any CPU
		{4A83BFF9-B76B-470B-857B-32E9419978FA}.Release|Mixed Platforms.ActiveCfg = Release|Any CPU
		{4A83BFF9-B76B-470B-857B-32E9419978FA}.Release|Mixed Platforms.Build.0 = Release|Any CPU
		{4A83BFF9-B76B-470B-857B-32E9419978FA}.Release|x86.ActiveCfg = Release|Any CPU
		{C5045672-AECE-401C-8230-64111981CC1B}.Debug BuildService|Any CPU.ActiveCfg = Debug BuildService|Any CPU
		{C5045672-AECE-401C-8230-64111981CC1B}.Debug BuildService|Any CPU.Build.0 = Debug BuildService|Any CPU
		{C5045672-AECE-401C-8230-64111981CC1B}.Debug BuildService|Mixed Platforms.ActiveCfg = Debug BuildService|Any CPU
		{C5045672-AECE-401C-8230-64111981CC1B}.Debug BuildService|Mixed Platforms.Build.0 = Debug BuildService|Any CPU
		{C5045672-AECE-401C-8230-64111981CC1B}.Debug BuildService|x86.ActiveCfg = Debug BuildService|Any CPU
		{C5045672-AECE-401C-8230-64111981CC1B}.Debug|Any CPU.ActiveCfg = Debug|Any CPU
		{C5045672-AECE-401C-8230-64111981CC1B}.Debug|Any CPU.Build.0 = Debug|Any CPU
		{C5045672-AECE-401C-8230-64111981CC1B}.Debug|Mixed Platforms.ActiveCfg = Debug|Any CPU
		{C5045672-AECE-401C-8230-64111981CC1B}.Debug|Mixed Platforms.Build.0 = Debug|Any CPU
		{C5045672-AECE-401C-8230-64111981CC1B}.Debug|x86.ActiveCfg = Debug|Any CPU
		{C5045672-AECE-401C-8230-64111981CC1B}.Release|Any CPU.ActiveCfg = Release|Any CPU
		{C5045672-AECE-401C-8230-64111981CC1B}.Release|Any CPU.Build.0 = Release|Any CPU
		{C5045672-AECE-401C-8230-64111981CC1B}.Release|Mixed Platforms.ActiveCfg = Release|Any CPU
		{C5045672-AECE-401C-8230-64111981CC1B}.Release|Mixed Platforms.Build.0 = Release|Any CPU
		{C5045672-AECE-401C-8230-64111981CC1B}.Release|x86.ActiveCfg = Release|Any CPU
		{74D77335-BEDE-4134-8EDE-83D3DBB48B74}.Debug BuildService|Any CPU.ActiveCfg = Debug BuildService|Any CPU
		{74D77335-BEDE-4134-8EDE-83D3DBB48B74}.Debug BuildService|Any CPU.Build.0 = Debug BuildService|Any CPU
		{74D77335-BEDE-4134-8EDE-83D3DBB48B74}.Debug BuildService|Mixed Platforms.ActiveCfg = Debug BuildService|Any CPU
		{74D77335-BEDE-4134-8EDE-83D3DBB48B74}.Debug BuildService|Mixed Platforms.Build.0 = Debug BuildService|Any CPU
		{74D77335-BEDE-4134-8EDE-83D3DBB48B74}.Debug BuildService|x86.ActiveCfg = Debug BuildService|Any CPU
		{74D77335-BEDE-4134-8EDE-83D3DBB48B74}.Debug|Any CPU.ActiveCfg = Debug|Any CPU
		{74D77335-BEDE-4134-8EDE-83D3DBB48B74}.Debug|Any CPU.Build.0 = Debug|Any CPU
		{74D77335-BEDE-4134-8EDE-83D3DBB48B74}.Debug|Mixed Platforms.ActiveCfg = Debug|Any CPU
		{74D77335-BEDE-4134-8EDE-83D3DBB48B74}.Debug|Mixed Platforms.Build.0 = Debug|Any CPU
		{74D77335-BEDE-4134-8EDE-83D3DBB48B74}.Debug|x86.ActiveCfg = Debug|Any CPU
		{74D77335-BEDE-4134-8EDE-83D3DBB48B74}.Release|Any CPU.ActiveCfg = Release|Any CPU
		{74D77335-BEDE-4134-8EDE-83D3DBB48B74}.Release|Any CPU.Build.0 = Release|Any CPU
		{74D77335-BEDE-4134-8EDE-83D3DBB48B74}.Release|Mixed Platforms.ActiveCfg = Release|Any CPU
		{74D77335-BEDE-4134-8EDE-83D3DBB48B74}.Release|Mixed Platforms.Build.0 = Release|Any CPU
		{74D77335-BEDE-4134-8EDE-83D3DBB48B74}.Release|x86.ActiveCfg = Release|Any CPU
		{14CF4DE6-3E9A-40A5-947D-E8FBA1CD5DF3}.Debug BuildService|Any CPU.ActiveCfg = Debug BuildService|Any CPU
		{14CF4DE6-3E9A-40A5-947D-E8FBA1CD5DF3}.Debug BuildService|Any CPU.Build.0 = Debug BuildService|Any CPU
		{14CF4DE6-3E9A-40A5-947D-E8FBA1CD5DF3}.Debug BuildService|Mixed Platforms.ActiveCfg = Debug BuildService|Any CPU
		{14CF4DE6-3E9A-40A5-947D-E8FBA1CD5DF3}.Debug BuildService|Mixed Platforms.Build.0 = Debug BuildService|Any CPU
		{14CF4DE6-3E9A-40A5-947D-E8FBA1CD5DF3}.Debug BuildService|x86.ActiveCfg = Debug BuildService|Any CPU
		{14CF4DE6-3E9A-40A5-947D-E8FBA1CD5DF3}.Debug|Any CPU.ActiveCfg = Debug|Any CPU
		{14CF4DE6-3E9A-40A5-947D-E8FBA1CD5DF3}.Debug|Any CPU.Build.0 = Debug|Any CPU
		{14CF4DE6-3E9A-40A5-947D-E8FBA1CD5DF3}.Debug|Mixed Platforms.ActiveCfg = Debug|Any CPU
		{14CF4DE6-3E9A-40A5-947D-E8FBA1CD5DF3}.Debug|Mixed Platforms.Build.0 = Debug|Any CPU
		{14CF4DE6-3E9A-40A5-947D-E8FBA1CD5DF3}.Debug|x86.ActiveCfg = Debug|Any CPU
		{14CF4DE6-3E9A-40A5-947D-E8FBA1CD5DF3}.Release|Any CPU.ActiveCfg = Release|Any CPU
		{14CF4DE6-3E9A-40A5-947D-E8FBA1CD5DF3}.Release|Any CPU.Build.0 = Release|Any CPU
		{14CF4DE6-3E9A-40A5-947D-E8FBA1CD5DF3}.Release|Mixed Platforms.ActiveCfg = Release|Any CPU
		{14CF4DE6-3E9A-40A5-947D-E8FBA1CD5DF3}.Release|Mixed Platforms.Build.0 = Release|Any CPU
		{14CF4DE6-3E9A-40A5-947D-E8FBA1CD5DF3}.Release|x86.ActiveCfg = Release|Any CPU
		{054C66A6-144E-40D6-B4DC-201F06DD1399}.Debug BuildService|Any CPU.ActiveCfg = Debug
		{054C66A6-144E-40D6-B4DC-201F06DD1399}.Debug BuildService|Mixed Platforms.ActiveCfg = Debug
		{054C66A6-144E-40D6-B4DC-201F06DD1399}.Debug BuildService|Mixed Platforms.Build.0 = Debug
		{054C66A6-144E-40D6-B4DC-201F06DD1399}.Debug BuildService|x86.ActiveCfg = Debug
		{054C66A6-144E-40D6-B4DC-201F06DD1399}.Debug BuildService|x86.Build.0 = Debug
		{054C66A6-144E-40D6-B4DC-201F06DD1399}.Debug|Any CPU.ActiveCfg = Debug
		{054C66A6-144E-40D6-B4DC-201F06DD1399}.Debug|Mixed Platforms.ActiveCfg = Debug
		{054C66A6-144E-40D6-B4DC-201F06DD1399}.Debug|Mixed Platforms.Build.0 = Debug
		{054C66A6-144E-40D6-B4DC-201F06DD1399}.Debug|x86.ActiveCfg = Debug
		{054C66A6-144E-40D6-B4DC-201F06DD1399}.Debug|x86.Build.0 = Debug
		{054C66A6-144E-40D6-B4DC-201F06DD1399}.Release|Any CPU.ActiveCfg = Release
		{054C66A6-144E-40D6-B4DC-201F06DD1399}.Release|Mixed Platforms.ActiveCfg = Release
		{054C66A6-144E-40D6-B4DC-201F06DD1399}.Release|Mixed Platforms.Build.0 = Release
		{054C66A6-144E-40D6-B4DC-201F06DD1399}.Release|x86.ActiveCfg = Release
		{054C66A6-144E-40D6-B4DC-201F06DD1399}.Release|x86.Build.0 = Release
		{96847D23-6828-4E36-AE16-82792FAA7697}.Debug BuildService|Any CPU.ActiveCfg = Debug|Any CPU
		{96847D23-6828-4E36-AE16-82792FAA7697}.Debug BuildService|Any CPU.Build.0 = Debug|Any CPU
		{96847D23-6828-4E36-AE16-82792FAA7697}.Debug BuildService|Mixed Platforms.ActiveCfg = Debug|Any CPU
		{96847D23-6828-4E36-AE16-82792FAA7697}.Debug BuildService|Mixed Platforms.Build.0 = Debug|Any CPU
		{96847D23-6828-4E36-AE16-82792FAA7697}.Debug BuildService|x86.ActiveCfg = Debug|Any CPU
		{96847D23-6828-4E36-AE16-82792FAA7697}.Debug|Any CPU.ActiveCfg = Debug|Any CPU
		{96847D23-6828-4E36-AE16-82792FAA7697}.Debug|Any CPU.Build.0 = Debug|Any CPU
		{96847D23-6828-4E36-AE16-82792FAA7697}.Debug|Mixed Platforms.ActiveCfg = Debug|Any CPU
		{96847D23-6828-4E36-AE16-82792FAA7697}.Debug|Mixed Platforms.Build.0 = Debug|Any CPU
		{96847D23-6828-4E36-AE16-82792FAA7697}.Debug|x86.ActiveCfg = Debug|Any CPU
		{96847D23-6828-4E36-AE16-82792FAA7697}.Release|Any CPU.ActiveCfg = Release|Any CPU
		{96847D23-6828-4E36-AE16-82792FAA7697}.Release|Any CPU.Build.0 = Release|Any CPU
		{96847D23-6828-4E36-AE16-82792FAA7697}.Release|Mixed Platforms.ActiveCfg = Release|Any CPU
		{96847D23-6828-4E36-AE16-82792FAA7697}.Release|Mixed Platforms.Build.0 = Release|Any CPU
		{96847D23-6828-4E36-AE16-82792FAA7697}.Release|x86.ActiveCfg = Release|Any CPU
		{31E8DB78-DD60-43CB-9450-1A82E44CDB4D}.Debug BuildService|Any CPU.ActiveCfg = Debug|Any CPU
		{31E8DB78-DD60-43CB-9450-1A82E44CDB4D}.Debug BuildService|Any CPU.Build.0 = Debug|Any CPU
		{31E8DB78-DD60-43CB-9450-1A82E44CDB4D}.Debug BuildService|Mixed Platforms.ActiveCfg = Debug|Any CPU
		{31E8DB78-DD60-43CB-9450-1A82E44CDB4D}.Debug BuildService|Mixed Platforms.Build.0 = Debug|Any CPU
		{31E8DB78-DD60-43CB-9450-1A82E44CDB4D}.Debug BuildService|x86.ActiveCfg = Debug|Any CPU
		{31E8DB78-DD60-43CB-9450-1A82E44CDB4D}.Debug|Any CPU.ActiveCfg = Debug|Any CPU
		{31E8DB78-DD60-43CB-9450-1A82E44CDB4D}.Debug|Any CPU.Build.0 = Debug|Any CPU
		{31E8DB78-DD60-43CB-9450-1A82E44CDB4D}.Debug|Mixed Platforms.ActiveCfg = Debug|Any CPU
		{31E8DB78-DD60-43CB-9450-1A82E44CDB4D}.Debug|Mixed Platforms.Build.0 = Debug|Any CPU
		{31E8DB78-DD60-43CB-9450-1A82E44CDB4D}.Debug|x86.ActiveCfg = Debug|Any CPU
		{31E8DB78-DD60-43CB-9450-1A82E44CDB4D}.Release|Any CPU.ActiveCfg = Release|Any CPU
		{31E8DB78-DD60-43CB-9450-1A82E44CDB4D}.Release|Any CPU.Build.0 = Release|Any CPU
		{31E8DB78-DD60-43CB-9450-1A82E44CDB4D}.Release|Mixed Platforms.ActiveCfg = Release|Any CPU
		{31E8DB78-DD60-43CB-9450-1A82E44CDB4D}.Release|Mixed Platforms.Build.0 = Release|Any CPU
		{31E8DB78-DD60-43CB-9450-1A82E44CDB4D}.Release|x86.ActiveCfg = Release|Any CPU
		{F259A8DF-B2B8-472F-96C2-1034A8FAE9F1}.Debug BuildService|Any CPU.ActiveCfg = Debug|x86
		{F259A8DF-B2B8-472F-96C2-1034A8FAE9F1}.Debug BuildService|Mixed Platforms.ActiveCfg = Debug|x86
		{F259A8DF-B2B8-472F-96C2-1034A8FAE9F1}.Debug BuildService|Mixed Platforms.Build.0 = Debug|x86
		{F259A8DF-B2B8-472F-96C2-1034A8FAE9F1}.Debug BuildService|x86.ActiveCfg = Debug|x86
		{F259A8DF-B2B8-472F-96C2-1034A8FAE9F1}.Debug BuildService|x86.Build.0 = Debug|x86
		{F259A8DF-B2B8-472F-96C2-1034A8FAE9F1}.Debug|Any CPU.ActiveCfg = Debug|x86
		{F259A8DF-B2B8-472F-96C2-1034A8FAE9F1}.Debug|Mixed Platforms.ActiveCfg = Debug|x86
		{F259A8DF-B2B8-472F-96C2-1034A8FAE9F1}.Debug|Mixed Platforms.Build.0 = Debug|x86
		{F259A8DF-B2B8-472F-96C2-1034A8FAE9F1}.Debug|x86.ActiveCfg = Debug|x86
		{F259A8DF-B2B8-472F-96C2-1034A8FAE9F1}.Debug|x86.Build.0 = Debug|x86
		{F259A8DF-B2B8-472F-96C2-1034A8FAE9F1}.Release|Any CPU.ActiveCfg = Release|x86
		{F259A8DF-B2B8-472F-96C2-1034A8FAE9F1}.Release|Mixed Platforms.ActiveCfg = Release|x86
		{F259A8DF-B2B8-472F-96C2-1034A8FAE9F1}.Release|Mixed Platforms.Build.0 = Release|x86
		{F259A8DF-B2B8-472F-96C2-1034A8FAE9F1}.Release|x86.ActiveCfg = Release|x86
		{F259A8DF-B2B8-472F-96C2-1034A8FAE9F1}.Release|x86.Build.0 = Release|x86
		{D2C742B8-5A95-4685-A020-A523E79E90EB}.Debug BuildService|Any CPU.ActiveCfg = Debug
		{D2C742B8-5A95-4685-A020-A523E79E90EB}.Debug BuildService|Any CPU.Build.0 = Debug
		{D2C742B8-5A95-4685-A020-A523E79E90EB}.Debug BuildService|Mixed Platforms.ActiveCfg = Debug
		{D2C742B8-5A95-4685-A020-A523E79E90EB}.Debug BuildService|Mixed Platforms.Build.0 = Debug
		{D2C742B8-5A95-4685-A020-A523E79E90EB}.Debug BuildService|x86.ActiveCfg = Debug
		{D2C742B8-5A95-4685-A020-A523E79E90EB}.Debug BuildService|x86.Build.0 = Debug
		{D2C742B8-5A95-4685-A020-A523E79E90EB}.Debug|Any CPU.ActiveCfg = Debug
		{D2C742B8-5A95-4685-A020-A523E79E90EB}.Debug|Any CPU.Build.0 = Debug
		{D2C742B8-5A95-4685-A020-A523E79E90EB}.Debug|Mixed Platforms.ActiveCfg = Debug
		{D2C742B8-5A95-4685-A020-A523E79E90EB}.Debug|Mixed Platforms.Build.0 = Debug
		{D2C742B8-5A95-4685-A020-A523E79E90EB}.Debug|x86.ActiveCfg = Debug
		{D2C742B8-5A95-4685-A020-A523E79E90EB}.Debug|x86.Build.0 = Debug
		{D2C742B8-5A95-4685-A020-A523E79E90EB}.Release|Any CPU.ActiveCfg = Release
		{D2C742B8-5A95-4685-A020-A523E79E90EB}.Release|Any CPU.Build.0 = Release
		{D2C742B8-5A95-4685-A020-A523E79E90EB}.Release|Mixed Platforms.ActiveCfg = Release
		{D2C742B8-5A95-4685-A020-A523E79E90EB}.Release|Mixed Platforms.Build.0 = Release
		{D2C742B8-5A95-4685-A020-A523E79E90EB}.Release|x86.ActiveCfg = Release
		{D2C742B8-5A95-4685-A020-A523E79E90EB}.Release|x86.Build.0 = Release
	EndGlobalSection
	GlobalSection(SolutionProperties) = preSolution
		HideSolutionNode = FALSE
	EndGlobalSection
	GlobalSection(NestedProjects) = preSolution
		{27674D5E-1BDA-400C-B712-CB97CEADD208} = {AEECE78A-3776-4C92-84F4-E7C5F244D444}
		{D77655C1-7971-422E-831E-CCCBFD630D0A} = {AEECE78A-3776-4C92-84F4-E7C5F244D444}
		{D2C742B8-5A95-4685-A020-A523E79E90EB} = {AEECE78A-3776-4C92-84F4-E7C5F244D444}
		{74D77335-BEDE-4134-8EDE-83D3DBB48B74} = {A0BF0322-1976-4B6C-B73D-1EDF2B4D0C8F}
		{14CF4DE6-3E9A-40A5-947D-E8FBA1CD5DF3} = {A0BF0322-1976-4B6C-B73D-1EDF2B4D0C8F}
		{31E8DB78-DD60-43CB-9450-1A82E44CDB4D} = {A0BF0322-1976-4B6C-B73D-1EDF2B4D0C8F}
		{EA6A422A-3B3C-49F9-9C02-E466196174CB} = {3893B7A3-9585-4E7A-97A5-C8B80D8FF2F8}
		{4A83BFF9-B76B-470B-857B-32E9419978FA} = {3893B7A3-9585-4E7A-97A5-C8B80D8FF2F8}
		{054C66A6-144E-40D6-B4DC-201F06DD1399} = {3893B7A3-9585-4E7A-97A5-C8B80D8FF2F8}
		{96847D23-6828-4E36-AE16-82792FAA7697} = {3893B7A3-9585-4E7A-97A5-C8B80D8FF2F8}
		{F2319141-23B9-472B-B35C-1B7C717191F7} = {3893B7A3-9585-4E7A-97A5-C8B80D8FF2F8}
		{C5045672-AECE-401C-8230-64111981CC1B} = {4CCB024C-3551-40E0-8145-D550977C9272}
	EndGlobalSection
EndGlobal
